
Microsoft Visual Studio Solution File, Format Version 12.00
# Visual Studio Version 17
VisualStudioVersion = 17.0.31903.59
MinimumVisualStudioVersion = 10.0.40219.1
Project("{FAE04EC0-301F-11D3-BF4B-00C04F79EFBC}") = "Structures", "Structures\Structures.csproj", "{72512BD4-7E9C-4683-8D9C-8FB84C61D48E}"
EndProject
Project("{FAE04EC0-301F-11D3-BF4B-00C04F79EFBC}") = "ClassLibrary1", "ClassLibrary1\ClassLibrary1.csproj", "{539CEBB3-AD4B-4D2D-865C-73DE5B05AE42}"
EndProject
Global
	GlobalSection(SolutionConfigurationPlatforms) = preSolution
		Debug|Any CPU = Debug|Any CPU
		Debug|x64 = Debug|x64
		Debug|x86 = Debug|x86
		Release|Any CPU = Release|Any CPU
		Release|x64 = Release|x64
		Release|x86 = Release|x86
	EndGlobalSection
	GlobalSection(ProjectConfigurationPlatforms) = postSolution
		{72512BD4-7E9C-4683-8D9C-8FB84C61D48E}.Debug|Any CPU.ActiveCfg = Debug|Any CPU
		{72512BD4-7E9C-4683-8D9C-8FB84C61D48E}.Debug|Any CPU.Build.0 = Debug|Any CPU
		{72512BD4-7E9C-4683-8D9C-8FB84C61D48E}.Debug|x64.ActiveCfg = Debug|Any CPU
		{72512BD4-7E9C-4683-8D9C-8FB84C61D48E}.Debug|x64.Build.0 = Debug|Any CPU
		{72512BD4-7E9C-4683-8D9C-8FB84C61D48E}.Debug|x86.ActiveCfg = Debug|Any CPU
		{72512BD4-7E9C-4683-8D9C-8FB84C61D48E}.Debug|x86.Build.0 = Debug|Any CPU
		{72512BD4-7E9C-4683-8D9C-8FB84C61D48E}.Release|Any CPU.ActiveCfg = Release|Any CPU
		{72512BD4-7E9C-4683-8D9C-8FB84C61D48E}.Release|Any CPU.Build.0 = Release|Any CPU
		{72512BD4-7E9C-4683-8D9C-8FB84C61D48E}.Release|x64.ActiveCfg = Release|Any CPU
		{72512BD4-7E9C-4683-8D9C-8FB84C61D48E}.Release|x64.Build.0 = Release|Any CPU
		{72512BD4-7E9C-4683-8D9C-8FB84C61D48E}.Release|x86.ActiveCfg = Release|Any CPU
		{72512BD4-7E9C-4683-8D9C-8FB84C61D48E}.Release|x86.Build.0 = Release|Any CPU
		{539CEBB3-AD4B-4D2D-865C-73DE5B05AE42}.Debug|Any CPU.ActiveCfg = Debug|Any CPU
		{539CEBB3-AD4B-4D2D-865C-73DE5B05AE42}.Debug|Any CPU.Build.0 = Debug|Any CPU
		{539CEBB3-AD4B-4D2D-865C-73DE5B05AE42}.Debug|x64.ActiveCfg = Debug|Any CPU
		{539CEBB3-AD4B-4D2D-865C-73DE5B05AE42}.Debug|x64.Build.0 = Debug|Any CPU
		{539CEBB3-AD4B-4D2D-865C-73DE5B05AE42}.Debug|x86.ActiveCfg = Debug|Any CPU
		{539CEBB3-AD4B-4D2D-865C-73DE5B05AE42}.Debug|x86.Build.0 = Debug|Any CPU
		{539CEBB3-AD4B-4D2D-865C-73DE5B05AE42}.Release|Any CPU.ActiveCfg = Release|Any CPU
		{539CEBB3-AD4B-4D2D-865C-73DE5B05AE42}.Release|Any CPU.Build.0 = Release|Any CPU
		{539CEBB3-AD4B-4D2D-865C-73DE5B05AE42}.Release|x64.ActiveCfg = Release|Any CPU
		{539CEBB3-AD4B-4D2D-865C-73DE5B05AE42}.Release|x64.Build.0 = Release|Any CPU
		{539CEBB3-AD4B-4D2D-865C-73DE5B05AE42}.Release|x86.ActiveCfg = Release|Any CPU
		{539CEBB3-AD4B-4D2D-865C-73DE5B05AE42}.Release|x86.Build.0 = Release|Any CPU
	EndGlobalSection
	GlobalSection(SolutionProperties) = preSolution
		HideSolutionNode = FALSE
	EndGlobalSection
EndGlobal
