
Microsoft Visual Studio Solution File, Format Version 12.00
# Visual Studio Version 17
VisualStudioVersion = 17.0.31903.59
MinimumVisualStudioVersion = 10.0.40219.1
Project("{FAE04EC0-301F-11D3-BF4B-00C04F79EFBC}") = "StructExample2", "StructExample2\StructExample2.csproj", "{FC965E1D-C987-4945-9417-4E89B2DE3F55}"
EndProject
Project("{FAE04EC0-301F-11D3-BF4B-00C04F79EFBC}") = "ClassLibrary1", "ClassLibrary1\ClassLibrary1.csproj", "{C8B4602C-F1FB-406F-8AB5-37CF009B2D9E}"
EndProject
Global
	GlobalSection(SolutionConfigurationPlatforms) = preSolution
		Debug|Any CPU = Debug|Any CPU
		Debug|x64 = Debug|x64
		Debug|x86 = Debug|x86
		Release|Any CPU = Release|Any CPU
		Release|x64 = Release|x64
		Release|x86 = Release|x86
	EndGlobalSection
	GlobalSection(ProjectConfigurationPlatforms) = postSolution
		{FC965E1D-C987-4945-9417-4E89B2DE3F55}.Debug|Any CPU.ActiveCfg = Debug|Any CPU
		{FC965E1D-C987-4945-9417-4E89B2DE3F55}.Debug|Any CPU.Build.0 = Debug|Any CPU
		{FC965E1D-C987-4945-9417-4E89B2DE3F55}.Debug|x64.ActiveCfg = Debug|Any CPU
		{FC965E1D-C987-4945-9417-4E89B2DE3F55}.Debug|x64.Build.0 = Debug|Any CPU
		{FC965E1D-C987-4945-9417-4E89B2DE3F55}.Debug|x86.ActiveCfg = Debug|Any CPU
		{FC965E1D-C987-4945-9417-4E89B2DE3F55}.Debug|x86.Build.0 = Debug|Any CPU
		{FC965E1D-C987-4945-9417-4E89B2DE3F55}.Release|Any CPU.ActiveCfg = Release|Any CPU
		{FC965E1D-C987-4945-9417-4E89B2DE3F55}.Release|Any CPU.Build.0 = Release|Any CPU
		{FC965E1D-C987-4945-9417-4E89B2DE3F55}.Release|x64.ActiveCfg = Release|Any CPU
		{FC965E1D-C987-4945-9417-4E89B2DE3F55}.Release|x64.Build.0 = Release|Any CPU
		{FC965E1D-C987-4945-9417-4E89B2DE3F55}.Release|x86.ActiveCfg = Release|Any CPU
		{FC965E1D-C987-4945-9417-4E89B2DE3F55}.Release|x86.Build.0 = Release|Any CPU
		{C8B4602C-F1FB-406F-8AB5-37CF009B2D9E}.Debug|Any CPU.ActiveCfg = Debug|Any CPU
		{C8B4602C-F1FB-406F-8AB5-37CF009B2D9E}.Debug|Any CPU.Build.0 = Debug|Any CPU
		{C8B4602C-F1FB-406F-8AB5-37CF009B2D9E}.Debug|x64.ActiveCfg = Debug|Any CPU
		{C8B4602C-F1FB-406F-8AB5-37CF009B2D9E}.Debug|x64.Build.0 = Debug|Any CPU
		{C8B4602C-F1FB-406F-8AB5-37CF009B2D9E}.Debug|x86.ActiveCfg = Debug|Any CPU
		{C8B4602C-F1FB-406F-8AB5-37CF009B2D9E}.Debug|x86.Build.0 = Debug|Any CPU
		{C8B4602C-F1FB-406F-8AB5-37CF009B2D9E}.Release|Any CPU.ActiveCfg = Release|Any CPU
		{C8B4602C-F1FB-406F-8AB5-37CF009B2D9E}.Release|Any CPU.Build.0 = Release|Any CPU
		{C8B4602C-F1FB-406F-8AB5-37CF009B2D9E}.Release|x64.ActiveCfg = Release|Any CPU
		{C8B4602C-F1FB-406F-8AB5-37CF009B2D9E}.Release|x64.Build.0 = Release|Any CPU
		{C8B4602C-F1FB-406F-8AB5-37CF009B2D9E}.Release|x86.ActiveCfg = Release|Any CPU
		{C8B4602C-F1FB-406F-8AB5-37CF009B2D9E}.Release|x86.Build.0 = Release|Any CPU
	EndGlobalSection
	GlobalSection(SolutionProperties) = preSolution
		HideSolutionNode = FALSE
	EndGlobalSection
EndGlobal
